
Microsoft Visual Studio Solution File, Format Version 12.00
# Visual Studio Version 16
VisualStudioVersion = 16.0.30104.148
MinimumVisualStudioVersion = 10.0.40219.1
Project("{FAE04EC0-301F-11D3-BF4B-00C04F79EFBC}") = "agenda", "agenda\agenda.csproj", "{DEAFCD40-E437-4B71-88AE-D8118A36BA68}"
EndProject
Global
	GlobalSection(SolutionConfigurationPlatforms) = preSolution
		Debug|Any CPU = Debug|Any CPU
		Release|Any CPU = Release|Any CPU
	EndGlobalSection
	GlobalSection(ProjectConfigurationPlatforms) = postSolution
		{DEAFCD40-E437-4B71-88AE-D8118A36BA68}.Debug|Any CPU.ActiveCfg = Debug|Any CPU
		{DEAFCD40-E437-4B71-88AE-D8118A36BA68}.Debug|Any CPU.Build.0 = Debug|Any CPU
		{DEAFCD40-E437-4B71-88AE-D8118A36BA68}.Release|Any CPU.ActiveCfg = Release|Any CPU
		{DEAFCD40-E437-4B71-88AE-D8118A36BA68}.Release|Any CPU.Build.0 = Release|Any CPU
	EndGlobalSection
	GlobalSection(SolutionProperties) = preSolution
		HideSolutionNode = FALSE
	EndGlobalSection
	GlobalSection(ExtensibilityGlobals) = postSolution
		SolutionGuid = {5F553AA2-2FE2-401C-9B25-632F94CFF676}
	EndGlobalSection
EndGlobal
